{
  "name": "twilio_call_app",
  "version": "1.0.0",
  "lockfileVersion": 3,
  "requires": true,
  "packages": {
    "": {
      "name": "twilio_call_app",
      "version": "1.0.0",
      "license": "ISC",
      "dependencies": {
        "@twilio/voice-sdk": "^2.15.0"
      }
    },
    "node_modules/@twilio/voice-errors": {
      "version": "1.7.0",
      "resolved": "https://registry.npmjs.org/@twilio/voice-errors/-/voice-errors-1.7.0.tgz",
      "integrity": "sha512-9TvniWpzU0iy6SYFAcDP+HG+/mNz2yAHSs7+m0DZk86lE+LoTB6J/ZONTPuxXrXWi4tso/DulSHuA0w7nIQtGg==",
      "license": "BSD-3-Clause"
    },
    "node_modules/@twilio/voice-sdk": {
      "version": "2.15.0",
      "resolved": "https://registry.npmjs.org/@twilio/voice-sdk/-/voice-sdk-2.15.0.tgz",
      "integrity": "sha512-4FhRrUVJrek/U85F29G3+r5hbh7Lg2aapUE8jh/DnG0SiIktbW+MvFw2PxOwW0xVCbPigT7NHNo8/uzc3EmXkg==",
      "license": "Apache-2.0",
      "dependencies": {
        "@twilio/voice-errors": "1.7.0",
        "@types/events": "^3.0.3",
        "events": "3.3.0",
        "loglevel": "1.6.7"
      },
      "engines": {
        "node": ">= 12"
      }
    },
    "node_modules/@types/events": {
      "version": "3.0.3",
      "resolved": "https://registry.npmjs.org/@types/events/-/events-3.0.3.tgz",
      "integrity": "sha512-trOc4AAUThEz9hapPtSd7wf5tiQKvTtu5b371UxXdTuqzIh0ArcRspRP0i0Viu+LXstIQ1z96t1nsPxT9ol01g==",
      "license": "MIT"
    },
    "node_modules/events": {
      "version": "3.3.0",
      "resolved": "https://registry.npmjs.org/events/-/events-3.3.0.tgz",
      "integrity": "sha512-mQw+2fkQbALzQ7V0MY0IqdnXNOeTtP4r0lN9z7AAawCXgqea7bDii20AYrIBrFd/Hx0M2Ocz6S111CaFkUcb0Q==",
      "license": "MIT",
      "engines": {
        "node": ">=0.8.x"
      }
    },
    "node_modules/loglevel": {
      "version": "1.6.7",
      "resolved": "https://registry.npmjs.org/loglevel/-/loglevel-1.6.7.tgz",
      "integrity": "sha512-cY2eLFrQSAfVPhCgH1s7JI73tMbg9YC3v3+ZHVW67sBS7UxWzNEk/ZBbSfLykBWHp33dqqtOv82gjhKEi81T/A==",
      "license": "MIT",
      "engines": {
        "node": ">= 0.6.0"
      },
      "funding": {
        "type": "tidelift",
        "url": "https://tidelift.com/subscription/pkg/npm-loglevel?utm_medium=referral&utm_source=npm_fund"
      }
    }
  }
}
